
Microsoft Visual Studio Solution File, Format Version 12.00
# Visual Studio 14
VisualStudioVersion = 14.0.22823.1
MinimumVisualStudioVersion = 10.0.40219.1
Project("{2150E333-8FDC-42A3-9474-1A3956D46DE8}") = "src", "src", "{CADFB3B1-E159-46BA-BAF5-87115004D79D}"
EndProject
Project("{2150E333-8FDC-42A3-9474-1A3956D46DE8}") = "Solution Items", "Solution Items", "{4849D029-B0E4-4016-AD79-4D536DEAE760}"
	ProjectSection(SolutionItems) = preProject
		global.json = global.json
	EndProjectSection
EndProject
Project("{8BB2217D-0F2D-49D1-97BC-3654ED321F3B}") = "WhereAmIWeak", "src\WhereAmIWeak\WhereAmIWeak.xproj", "{C73EC7A5-0A93-4433-9B85-CCD680F97FA5}"
EndProject
Global
	GlobalSection(SolutionConfigurationPlatforms) = preSolution
		Debug|Any CPU = Debug|Any CPU
		Release|Any CPU = Release|Any CPU
	EndGlobalSection
	GlobalSection(ProjectConfigurationPlatforms) = postSolution
		{C73EC7A5-0A93-4433-9B85-CCD680F97FA5}.Debug|Any CPU.ActiveCfg = Debug|Any CPU
		{C73EC7A5-0A93-4433-9B85-CCD680F97FA5}.Debug|Any CPU.Build.0 = Debug|Any CPU
		{C73EC7A5-0A93-4433-9B85-CCD680F97FA5}.Release|Any CPU.ActiveCfg = Release|Any CPU
		{C73EC7A5-0A93-4433-9B85-CCD680F97FA5}.Release|Any CPU.Build.0 = Release|Any CPU
	EndGlobalSection
	GlobalSection(SolutionProperties) = preSolution
		HideSolutionNode = FALSE
	EndGlobalSection
	GlobalSection(NestedProjects) = preSolution
		{C73EC7A5-0A93-4433-9B85-CCD680F97FA5} = {CADFB3B1-E159-46BA-BAF5-87115004D79D}
	EndGlobalSection
EndGlobal
